// !$*UTF8*$!
{
	archiveVersion = 1;
	classes = {
	};
	objectVersion = 50;
	objects = {

/* Begin PBXBuildFile section */
		4C2CE2F5251968B900D26724 /* AppDelegate.m in Sources */ = {isa = PBXBuildFile; fileRef = 4C2CE2F4251968B900D26724 /* AppDelegate.m */; };
		4C2CE2F8251968B900D26724 /* SceneDelegate.m in Sources */ = {isa = PBXBuildFile; fileRef = 4C2CE2F7251968B900D26724 /* SceneDelegate.m */; };
		4C2CE2FE251968B900D26724 /* Main.storyboard in Resources */ = {isa = PBXBuildFile; fileRef = 4C2CE2FC251968B900D26724 /* Main.storyboard */; };
		4C2CE301251968B900D26724 /* Liverpool_LookUp.xcdatamodeld in Sources */ = {isa = PBXBuildFile; fileRef = 4C2CE2FF251968B900D26724 /* Liverpool_LookUp.xcdatamodeld */; };
		4C2CE303251968BB00D26724 /* Assets.xcassets in Resources */ = {isa = PBXBuildFile; fileRef = 4C2CE302251968BB00D26724 /* Assets.xcassets */; };
		4C2CE306251968BB00D26724 /* LaunchScreen.storyboard in Resources */ = {isa = PBXBuildFile; fileRef = 4C2CE304251968BB00D26724 /* LaunchScreen.storyboard */; };
		4C2CE309251968BB00D26724 /* main.m in Sources */ = {isa = PBXBuildFile; fileRef = 4C2CE308251968BB00D26724 /* main.m */; };
		4C2CE313251968BB00D26724 /* Liverpool_LookUpTests.m in Sources */ = {isa = PBXBuildFile; fileRef = 4C2CE312251968BB00D26724 /* Liverpool_LookUpTests.m */; };
		4C2CE31E251968BB00D26724 /* Liverpool_LookUpUITests.m in Sources */ = {isa = PBXBuildFile; fileRef = 4C2CE31D251968BB00D26724 /* Liverpool_LookUpUITests.m */; };
		4CC22D3E25196B7E006AD261 /* ViewController.m in Sources */ = {isa = PBXBuildFile; fileRef = 4CC22D3D25196B7E006AD261 /* ViewController.m */; };
		4CC22D4125196BBA006AD261 /* ProductTableViewCell.m in Sources */ = {isa = PBXBuildFile; fileRef = 4CC22D4025196BBA006AD261 /* ProductTableViewCell.m */; };
		4CC22D442519773F006AD261 /* Product.m in Sources */ = {isa = PBXBuildFile; fileRef = 4CC22D432519773F006AD261 /* Product.m */; };
/* End PBXBuildFile section */

/* Begin PBXContainerItemProxy section */
		4C2CE30F251968BB00D26724 /* PBXContainerItemProxy */ = {
			isa = PBXContainerItemProxy;
			containerPortal = 4C2CE2E8251968B900D26724 /* Project object */;
			proxyType = 1;
			remoteGlobalIDString = 4C2CE2EF251968B900D26724;
			remoteInfo = "Liverpool LookUp";
		};
		4C2CE31A251968BB00D26724 /* PBXContainerItemProxy */ = {
			isa = PBXContainerItemProxy;
			containerPortal = 4C2CE2E8251968B900D26724 /* Project object */;
			proxyType = 1;
			remoteGlobalIDString = 4C2CE2EF251968B900D26724;
			remoteInfo = "Liverpool LookUp";
		};
/* End PBXContainerItemProxy section */

/* Begin PBXFileReference section */
		4C2CE2F0251968B900D26724 /* Liverpool LookUp.app */ = {isa = PBXFileReference; explicitFileType = wrapper.application; includeInIndex = 0; path = "Liverpool LookUp.app"; sourceTree = BUILT_PRODUCTS_DIR; };
		4C2CE2F3251968B900D26724 /* AppDelegate.h */ = {isa = PBXFileReference; lastKnownFileType = sourcecode.c.h; path = AppDelegate.h; sourceTree = "<group>"; };
		4C2CE2F4251968B900D26724 /* AppDelegate.m */ = {isa = PBXFileReference; lastKnownFileType = sourcecode.c.objc; path = AppDelegate.m; sourceTree = "<group>"; };
		4C2CE2F6251968B900D26724 /* SceneDelegate.h */ = {isa = PBXFileReference; lastKnownFileType = sourcecode.c.h; path = SceneDelegate.h; sourceTree = "<group>"; };
		4C2CE2F7251968B900D26724 /* SceneDelegate.m */ = {isa = PBXFileReference; lastKnownFileType = sourcecode.c.objc; path = SceneDelegate.m; sourceTree = "<group>"; };
		4C2CE2FD251968B900D26724 /* Base */ = {isa = PBXFileReference; lastKnownFileType = file.storyboard; name = Base; path = Base.lproj/Main.storyboard; sourceTree = "<group>"; };
		4C2CE300251968B900D26724 /* Liverpool_LookUp.xcdatamodel */ = {isa = PBXFileReference; lastKnownFileType = wrapper.xcdatamodel; path = Liverpool_LookUp.xcdatamodel; sourceTree = "<group>"; };
		4C2CE302251968BB00D26724 /* Assets.xcassets */ = {isa = PBXFileReference; lastKnownFileType = folder.assetcatalog; path = Assets.xcassets; sourceTree = "<group>"; };
		4C2CE305251968BB00D26724 /* Base */ = {isa = PBXFileReference; lastKnownFileType = file.storyboard; name = Base; path = Base.lproj/LaunchScreen.storyboard; sourceTree = "<group>"; };
		4C2CE307251968BB00D26724 /* Info.plist */ = {isa = PBXFileReference; lastKnownFileType = text.plist.xml; path = Info.plist; sourceTree = "<group>"; };
		4C2CE308251968BB00D26724 /* main.m */ = {isa = PBXFileReference; lastKnownFileType = sourcecode.c.objc; path = main.m; sourceTree = "<group>"; };
		4C2CE30E251968BB00D26724 /* Liverpool LookUpTests.xctest */ = {isa = PBXFileReference; explicitFileType = wrapper.cfbundle; includeInIndex = 0; path = "Liverpool LookUpTests.xctest"; sourceTree = BUILT_PRODUCTS_DIR; };
		4C2CE312251968BB00D26724 /* Liverpool_LookUpTests.m */ = {isa = PBXFileReference; lastKnownFileType = sourcecode.c.objc; path = Liverpool_LookUpTests.m; sourceTree = "<group>"; };
		4C2CE314251968BB00D26724 /* Info.plist */ = {isa = PBXFileReference; lastKnownFileType = text.plist.xml; path = Info.plist; sourceTree = "<group>"; };
		4C2CE319251968BB00D26724 /* Liverpool LookUpUITests.xctest */ = {isa = PBXFileReference; explicitFileType = wrapper.cfbundle; includeInIndex = 0; path = "Liverpool LookUpUITests.xctest"; sourceTree = BUILT_PRODUCTS_DIR; };
		4C2CE31D251968BB00D26724 /* Liverpool_LookUpUITests.m */ = {isa = PBXFileReference; lastKnownFileType = sourcecode.c.objc; path = Liverpool_LookUpUITests.m; sourceTree = "<group>"; };
		4C2CE31F251968BB00D26724 /* Info.plist */ = {isa = PBXFileReference; lastKnownFileType = text.plist.xml; path = Info.plist; sourceTree = "<group>"; };
		4CC22D3C25196B7E006AD261 /* ViewController.h */ = {isa = PBXFileReference; lastKnownFileType = sourcecode.c.h; path = ViewController.h; sourceTree = "<group>"; };
		4CC22D3D25196B7E006AD261 /* ViewController.m */ = {isa = PBXFileReference; lastKnownFileType = sourcecode.c.objc; path = ViewController.m; sourceTree = "<group>"; };
		4CC22D3F25196BBA006AD261 /* ProductTableViewCell.h */ = {isa = PBXFileReference; lastKnownFileType = sourcecode.c.h; path = ProductTableViewCell.h; sourceTree = "<group>"; };
		4CC22D4025196BBA006AD261 /* ProductTableViewCell.m */ = {isa = PBXFileReference; lastKnownFileType = sourcecode.c.objc; path = ProductTableViewCell.m; sourceTree = "<group>"; };
		4CC22D422519773F006AD261 /* Product.h */ = {isa = PBXFileReference; lastKnownFileType = sourcecode.c.h; path = Product.h; sourceTree = "<group>"; };
		4CC22D432519773F006AD261 /* Product.m */ = {isa = PBXFileReference; lastKnownFileType = sourcecode.c.objc; path = Product.m; sourceTree = "<group>"; };
/* End PBXFileReference section */

/* Begin PBXFrameworksBuildPhase section */
		4C2CE2ED251968B900D26724 /* Frameworks */ = {
			isa = PBXFrameworksBuildPhase;
			buildActionMask = 2147483647;
			files = (
			);
			runOnlyForDeploymentPostprocessing = 0;
		};
		4C2CE30B251968BB00D26724 /* Frameworks */ = {
			isa = PBXFrameworksBuildPhase;
			buildActionMask = 2147483647;
			files = (
			);
			runOnlyForDeploymentPostprocessing = 0;
		};
		4C2CE316251968BB00D26724 /* Frameworks */ = {
			isa = PBXFrameworksBuildPhase;
			buildActionMask = 2147483647;
			files = (
			);
			runOnlyForDeploymentPostprocessing = 0;
		};
/* End PBXFrameworksBuildPhase section */

/* Begin PBXGroup section */
		4C2CE2E7251968B900D26724 = {
			isa = PBXGroup;
			children = (
				4C2CE2F2251968B900D26724 /* Liverpool LookUp */,
				4C2CE311251968BB00D26724 /* Liverpool LookUpTests */,
				4C2CE31C251968BB00D26724 /* Liverpool LookUpUITests */,
				4C2CE2F1251968B900D26724 /* Products */,
			);
			sourceTree = "<group>";
		};
		4C2CE2F1251968B900D26724 /* Products */ = {
			isa = PBXGroup;
			children = (
				4C2CE2F0251968B900D26724 /* Liverpool LookUp.app */,
				4C2CE30E251968BB00D26724 /* Liverpool LookUpTests.xctest */,
				4C2CE319251968BB00D26724 /* Liverpool LookUpUITests.xctest */,
			);
			name = Products;
			sourceTree = "<group>";
		};
		4C2CE2F2251968B900D26724 /* Liverpool LookUp */ = {
			isa = PBXGroup;
			children = (
				4C2CE2F3251968B900D26724 /* AppDelegate.h */,
				4C2CE2F4251968B900D26724 /* AppDelegate.m */,
				4C2CE2F6251968B900D26724 /* SceneDelegate.h */,
				4C2CE2F7251968B900D26724 /* SceneDelegate.m */,
				4CC22D3C25196B7E006AD261 /* ViewController.h */,
				4CC22D3D25196B7E006AD261 /* ViewController.m */,
				4C2CE2FC251968B900D26724 /* Main.storyboard */,
				4C2CE302251968BB00D26724 /* Assets.xcassets */,
				4C2CE304251968BB00D26724 /* LaunchScreen.storyboard */,
				4C2CE307251968BB00D26724 /* Info.plist */,
				4C2CE308251968BB00D26724 /* main.m */,
				4C2CE2FF251968B900D26724 /* Liverpool_LookUp.xcdatamodeld */,
				4CC22D3F25196BBA006AD261 /* ProductTableViewCell.h */,
				4CC22D4025196BBA006AD261 /* ProductTableViewCell.m */,
				4CC22D422519773F006AD261 /* Product.h */,
				4CC22D432519773F006AD261 /* Product.m */,
			);
			path = "Liverpool LookUp";
			sourceTree = "<group>";
		};
		4C2CE311251968BB00D26724 /* Liverpool LookUpTests */ = {
			isa = PBXGroup;
			children = (
				4C2CE312251968BB00D26724 /* Liverpool_LookUpTests.m */,
				4C2CE314251968BB00D26724 /* Info.plist */,
			);
			path = "Liverpool LookUpTests";
			sourceTree = "<group>";
		};
		4C2CE31C251968BB00D26724 /* Liverpool LookUpUITests */ = {
			isa = PBXGroup;
			children = (
				4C2CE31D251968BB00D26724 /* Liverpool_LookUpUITests.m */,
				4C2CE31F251968BB00D26724 /* Info.plist */,
			);
			path = "Liverpool LookUpUITests";
			sourceTree = "<group>";
		};
/* End PBXGroup section */

/* Begin PBXNativeTarget section */
		4C2CE2EF251968B900D26724 /* Liverpool LookUp */ = {
			isa = PBXNativeTarget;
			buildConfigurationList = 4C2CE322251968BB00D26724 /* Build configuration list for PBXNativeTarget "Liverpool LookUp" */;
			buildPhases = (
				4C2CE2EC251968B900D26724 /* Sources */,
				4C2CE2ED251968B900D26724 /* Frameworks */,
				4C2CE2EE251968B900D26724 /* Resources */,
			);
			buildRules = (
			);
			dependencies = (
			);
			name = "Liverpool LookUp";
			productName = "Liverpool LookUp";
			productReference = 4C2CE2F0251968B900D26724 /* Liverpool LookUp.app */;
			productType = "com.apple.product-type.application";
		};
		4C2CE30D251968BB00D26724 /* Liverpool LookUpTests */ = {
			isa = PBXNativeTarget;
			buildConfigurationList = 4C2CE325251968BB00D26724 /* Build configuration list for PBXNativeTarget "Liverpool LookUpTests" */;
			buildPhases = (
				4C2CE30A251968BB00D26724 /* Sources */,
				4C2CE30B251968BB00D26724 /* Frameworks */,
				4C2CE30C251968BB00D26724 /* Resources */,
			);
			buildRules = (
			);
			dependencies = (
				4C2CE310251968BB00D26724 /* PBXTargetDependency */,
			);
			name = "Liverpool LookUpTests";
			productName = "Liverpool LookUpTests";
			productReference = 4C2CE30E251968BB00D26724 /* Liverpool LookUpTests.xctest */;
			productType = "com.apple.product-type.bundle.unit-test";
		};
		4C2CE318251968BB00D26724 /* Liverpool LookUpUITests */ = {
			isa = PBXNativeTarget;
			buildConfigurationList = 4C2CE328251968BB00D26724 /* Build configuration list for PBXNativeTarget "Liverpool LookUpUITests" */;
			buildPhases = (
				4C2CE315251968BB00D26724 /* Sources */,
				4C2CE316251968BB00D26724 /* Frameworks */,
				4C2CE317251968BB00D26724 /* Resources */,
			);
			buildRules = (
			);
			dependencies = (
				4C2CE31B251968BB00D26724 /* PBXTargetDependency */,
			);
			name = "Liverpool LookUpUITests";
			productName = "Liverpool LookUpUITests";
			productReference = 4C2CE319251968BB00D26724 /* Liverpool LookUpUITests.xctest */;
			productType = "com.apple.product-type.bundle.ui-testing";
		};
/* End PBXNativeTarget section */

/* Begin PBXProject section */
		4C2CE2E8251968B900D26724 /* Project object */ = {
			isa = PBXProject;
			attributes = {
				LastUpgradeCheck = 1150;
				ORGANIZATIONNAME = "Karlo A. López";
				TargetAttributes = {
					4C2CE2EF251968B900D26724 = {
						CreatedOnToolsVersion = 11.5;
					};
					4C2CE30D251968BB00D26724 = {
						CreatedOnToolsVersion = 11.5;
						TestTargetID = 4C2CE2EF251968B900D26724;
					};
					4C2CE318251968BB00D26724 = {
						CreatedOnToolsVersion = 11.5;
						TestTargetID = 4C2CE2EF251968B900D26724;
					};
				};
			};
			buildConfigurationList = 4C2CE2EB251968B900D26724 /* Build configuration list for PBXProject "Liverpool LookUp" */;
			compatibilityVersion = "Xcode 9.3";
			developmentRegion = en;
			hasScannedForEncodings = 0;
			knownRegions = (
				en,
				Base,
			);
			mainGroup = 4C2CE2E7251968B900D26724;
			productRefGroup = 4C2CE2F1251968B900D26724 /* Products */;
			projectDirPath = "";
			projectRoot = "";
			targets = (
				4C2CE2EF251968B900D26724 /* Liverpool LookUp */,
				4C2CE30D251968BB00D26724 /* Liverpool LookUpTests */,
				4C2CE318251968BB00D26724 /* Liverpool LookUpUITests */,
			);
		};
/* End PBXProject section */

/* Begin PBXResourcesBuildPhase section */
		4C2CE2EE251968B900D26724 /* Resources */ = {
			isa = PBXResourcesBuildPhase;
			buildActionMask = 2147483647;
			files = (
				4C2CE306251968BB00D26724 /* LaunchScreen.storyboard in Resources */,
				4C2CE303251968BB00D26724 /* Assets.xcassets in Resources */,
				4C2CE2FE251968B900D26724 /* Main.storyboard in Resources */,
			);
			runOnlyForDeploymentPostprocessing = 0;
		};
		4C2CE30C251968BB00D26724 /* Resources */ = {
			isa = PBXResourcesBuildPhase;
			buildActionMask = 2147483647;
			files = (
			);
			runOnlyForDeploymentPostprocessing = 0;
		};
		4C2CE317251968BB00D26724 /* Resources */ = {
			isa = PBXResourcesBuildPhase;
			buildActionMask = 2147483647;
			files = (
			);
			runOnlyForDeploymentPostprocessing = 0;
		};
/* End PBXResourcesBuildPhase section */

/* Begin PBXSourcesBuildPhase section */
		4C2CE2EC251968B900D26724 /* Sources */ = {
			isa = PBXSourcesBuildPhase;
			buildActionMask = 2147483647;
			files = (
				4CC22D442519773F006AD261 /* Product.m in Sources */,
				4C2CE309251968BB00D26724 /* main.m in Sources */,
				4C2CE2F5251968B900D26724 /* AppDelegate.m in Sources */,
				4C2CE301251968B900D26724 /* Liverpool_LookUp.xcdatamodeld in Sources */,
				4CC22D4125196BBA006AD261 /* ProductTableViewCell.m in Sources */,
				4C2CE2F8251968B900D26724 /* SceneDelegate.m in Sources */,
				4CC22D3E25196B7E006AD261 /* ViewController.m in Sources */,
			);
			runOnlyForDeploymentPostprocessing = 0;
		};
		4C2CE30A251968BB00D26724 /* Sources */ = {
			isa = PBXSourcesBuildPhase;
			buildActionMask = 2147483647;
			files = (
				4C2CE313251968BB00D26724 /* Liverpool_LookUpTests.m in Sources */,
			);
			runOnlyForDeploymentPostprocessing = 0;
		};
		4C2CE315251968BB00D26724 /* Sources */ = {
			isa = PBXSourcesBuildPhase;
			buildActionMask = 2147483647;
			files = (
				4C2CE31E251968BB00D26724 /* Liverpool_LookUpUITests.m in Sources */,
			);
			runOnlyForDeploymentPostprocessing = 0;
		};
/* End PBXSourcesBuildPhase section */

/* Begin PBXTargetDependency section */
		4C2CE310251968BB00D26724 /* PBXTargetDependency */ = {
			isa = PBXTargetDependency;
			target = 4C2CE2EF251968B900D26724 /* Liverpool LookUp */;
			targetProxy = 4C2CE30F251968BB00D26724 /* PBXContainerItemProxy */;
		};
		4C2CE31B251968BB00D26724 /* PBXTargetDependency */ = {
			isa = PBXTargetDependency;
			target = 4C2CE2EF251968B900D26724 /* Liverpool LookUp */;
			targetProxy = 4C2CE31A251968BB00D26724 /* PBXContainerItemProxy */;
		};
/* End PBXTargetDependency section */

/* Begin PBXVariantGroup section */
		4C2CE2FC251968B900D26724 /* Main.storyboard */ = {
			isa = PBXVariantGroup;
			children = (
				4C2CE2FD251968B900D26724 /* Base */,
			);
			name = Main.storyboard;
			sourceTree = "<group>";
		};
		4C2CE304251968BB00D26724 /* LaunchScreen.storyboard */ = {
			isa = PBXVariantGroup;
			children = (
				4C2CE305251968BB00D26724 /* Base */,
			);
			name = LaunchScreen.storyboard;
			sourceTree = "<group>";
		};
/* End PBXVariantGroup section */

/* Begin XCBuildConfiguration section */
		4C2CE320251968BB00D26724 /* Debug */ = {
			isa = XCBuildConfiguration;
			buildSettings = {
				ALWAYS_SEARCH_USER_PATHS = NO;
				CLANG_ANALYZER_NONNULL = YES;
				CLANG_ANALYZER_NUMBER_OBJECT_CONVERSION = YES_AGGRESSIVE;
				CLANG_CXX_LANGUAGE_STANDARD = "gnu++14";
				CLANG_CXX_LIBRARY = "libc++";
				CLANG_ENABLE_MODULES = YES;
				CLANG_ENABLE_OBJC_ARC = YES;
				CLANG_ENABLE_OBJC_WEAK = YES;
				CLANG_WARN_BLOCK_CAPTURE_AUTORELEASING = YES;
				CLANG_WARN_BOOL_CONVERSION = YES;
				CLANG_WARN_COMMA = YES;
				CLANG_WARN_CONSTANT_CONVERSION = YES;
				CLANG_WARN_DEPRECATED_OBJC_IMPLEMENTATIONS = YES;
				CLANG_WARN_DIRECT_OBJC_ISA_USAGE = YES_ERROR;
				CLANG_WARN_DOCUMENTATION_COMMENTS = YES;
				CLANG_WARN_EMPTY_BODY = YES;
				CLANG_WARN_ENUM_CONVERSION = YES;
				CLANG_WARN_INFINITE_RECURSION = YES;
				CLANG_WARN_INT_CONVERSION = YES;
				CLANG_WARN_NON_LITERAL_NULL_CONVERSION = YES;
				CLANG_WARN_OBJC_IMPLICIT_RETAIN_SELF = YES;
				CLANG_WARN_OBJC_LITERAL_CONVERSION = YES;
				CLANG_WARN_OBJC_ROOT_CLASS = YES_ERROR;
				CLANG_WARN_RANGE_LOOP_ANALYSIS = YES;
				CLANG_WARN_STRICT_PROTOTYPES = YES;
				CLANG_WARN_SUSPICIOUS_MOVE = YES;
				CLANG_WARN_UNGUARDED_AVAILABILITY = YES_AGGRESSIVE;
				CLANG_WARN_UNREACHABLE_CODE = YES;
				CLANG_WARN__DUPLICATE_METHOD_MATCH = YES;
				COPY_PHASE_STRIP = NO;
				DEBUG_INFORMATION_FORMAT = dwarf;
				ENABLE_STRICT_OBJC_MSGSEND = YES;
				ENABLE_TESTABILITY = YES;
				GCC_C_LANGUAGE_STANDARD = gnu11;
				GCC_DYNAMIC_NO_PIC = NO;
				GCC_NO_COMMON_BLOCKS = YES;
				GCC_OPTIMIZATION_LEVEL = 0;
				GCC_PREPROCESSOR_DEFINITIONS = (
					"DEBUG=1",
					"$(inherited)",
				);
				GCC_WARN_64_TO_32_BIT_CONVERSION = YES;
				GCC_WARN_ABOUT_RETURN_TYPE = YES_ERROR;
				GCC_WARN_UNDECLARED_SELECTOR = YES;
				GCC_WARN_UNINITIALIZED_AUTOS = YES_AGGRESSIVE;
				GCC_WARN_UNUSED_FUNCTION = YES;
				GCC_WARN_UNUSED_VARIABLE = YES;
				IPHONEOS_DEPLOYMENT_TARGET = 13.5;
				MTL_ENABLE_DEBUG_INFO = INCLUDE_SOURCE;
				MTL_FAST_MATH = YES;
				ONLY_ACTIVE_ARCH = YES;
				SDKROOT = iphoneos;
			};
			name = Debug;
		};
		4C2CE321251968BB00D26724 /* Release */ = {
			isa = XCBuildConfiguration;
			buildSettings = {
				ALWAYS_SEARCH_USER_PATHS = NO;
				CLANG_ANALYZER_NONNULL = YES;
				CLANG_ANALYZER_NUMBER_OBJECT_CONVERSION = YES_AGGRESSIVE;
				CLANG_CXX_LANGUAGE_STANDARD = "gnu++14";
				CLANG_CXX_LIBRARY = "libc++";
				CLANG_ENABLE_MODULES = YES;
				CLANG_ENABLE_OBJC_ARC = YES;
				CLANG_ENABLE_OBJC_WEAK = YES;
				CLANG_WARN_BLOCK_CAPTURE_AUTORELEASING = YES;
				CLANG_WARN_BOOL_CONVERSION = YES;
				CLANG_WARN_COMMA = YES;
				CLANG_WARN_CONSTANT_CONVERSION = YES;
				CLANG_WARN_DEPRECATED_OBJC_IMPLEMENTATIONS = YES;
				CLANG_WARN_DIRECT_OBJC_ISA_USAGE = YES_ERROR;
				CLANG_WARN_DOCUMENTATION_COMMENTS = YES;
				CLANG_WARN_EMPTY_BODY = YES;
				CLANG_WARN_ENUM_CONVERSION = YES;
				CLANG_WARN_INFINITE_RECURSION = YES;
				CLANG_WARN_INT_CONVERSION = YES;
				CLANG_WARN_NON_LITERAL_NULL_CONVERSION = YES;
				CLANG_WARN_OBJC_IMPLICIT_RETAIN_SELF = YES;
				CLANG_WARN_OBJC_LITERAL_CONVERSION = YES;
				CLANG_WARN_OBJC_ROOT_CLASS = YES_ERROR;
				CLANG_WARN_RANGE_LOOP_ANALYSIS = YES;
				CLANG_WARN_STRICT_PROTOTYPES = YES;
				CLANG_WARN_SUSPICIOUS_MOVE = YES;
				CLANG_WARN_UNGUARDED_AVAILABILITY = YES_AGGRESSIVE;
				CLANG_WARN_UNREACHABLE_CODE = YES;
				CLANG_WARN__DUPLICATE_METHOD_MATCH = YES;
				COPY_PHASE_STRIP = NO;
				DEBUG_INFORMATION_FORMAT = "dwarf-with-dsym";
				ENABLE_NS_ASSERTIONS = NO;
				ENABLE_STRICT_OBJC_MSGSEND = YES;
				GCC_C_LANGUAGE_STANDARD = gnu11;
				GCC_NO_COMMON_BLOCKS = YES;
				GCC_WARN_64_TO_32_BIT_CONVERSION = YES;
				GCC_WARN_ABOUT_RETURN_TYPE = YES_ERROR;
				GCC_WARN_UNDECLARED_SELECTOR = YES;
				GCC_WARN_UNINITIALIZED_AUTOS = YES_AGGRESSIVE;
				GCC_WARN_UNUSED_FUNCTION = YES;
				GCC_WARN_UNUSED_VARIABLE = YES;
				IPHONEOS_DEPLOYMENT_TARGET = 13.5;
				MTL_ENABLE_DEBUG_INFO = NO;
				MTL_FAST_MATH = YES;
				SDKROOT = iphoneos;
				VALIDATE_PRODUCT = YES;
			};
			name = Release;
		};
		4C2CE323251968BB00D26724 /* Debug */ = {
			isa = XCBuildConfiguration;
			buildSettings = {
				ASSETCATALOG_COMPILER_APPICON_NAME = AppIcon;
				CODE_SIGN_STYLE = Automatic;
				INFOPLIST_FILE = "Liverpool LookUp/Info.plist";
				LD_RUNPATH_SEARCH_PATHS = (
					"$(inherited)",
					"@executable_path/Frameworks",
				);
				PRODUCT_BUNDLE_IDENTIFIER = "karlol.Liverpool-LookUp";
				PRODUCT_NAME = "$(TARGET_NAME)";
				TARGETED_DEVICE_FAMILY = "1,2";
			};
			name = Debug;
		};
		4C2CE324251968BB00D26724 /* Release */ = {
			isa = XCBuildConfiguration;
			buildSettings = {
				ASSETCATALOG_COMPILER_APPICON_NAME = AppIcon;
				CODE_SIGN_STYLE = Automatic;
				INFOPLIST_FILE = "Liverpool LookUp/Info.plist";
				LD_RUNPATH_SEARCH_PATHS = (
					"$(inherited)",
					"@executable_path/Frameworks",
				);
				PRODUCT_BUNDLE_IDENTIFIER = "karlol.Liverpool-LookUp";
				PRODUCT_NAME = "$(TARGET_NAME)";
				TARGETED_DEVICE_FAMILY = "1,2";
			};
			name = Release;
		};
		4C2CE326251968BB00D26724 /* Debug */ = {
			isa = XCBuildConfiguration;
			buildSettings = {
				BUNDLE_LOADER = "$(TEST_HOST)";
				CODE_SIGN_STYLE = Automatic;
				INFOPLIST_FILE = "Liverpool LookUpTests/Info.plist";
				IPHONEOS_DEPLOYMENT_TARGET = 13.5;
				LD_RUNPATH_SEARCH_PATHS = (
					"$(inherited)",
					"@executable_path/Frameworks",
					"@loader_path/Frameworks",
				);
				PRODUCT_BUNDLE_IDENTIFIER = "karlol.Liverpool-LookUpTests";
				PRODUCT_NAME = "$(TARGET_NAME)";
				TARGETED_DEVICE_FAMILY = "1,2";
				TEST_HOST = "$(BUILT_PRODUCTS_DIR)/Liverpool LookUp.app/Liverpool LookUp";
			};
			name = Debug;
		};
		4C2CE327251968BB00D26724 /* Release */ = {
			isa = XCBuildConfiguration;
			buildSettings = {
				BUNDLE_LOADER = "$(TEST_HOST)";
				CODE_SIGN_STYLE = Automatic;
				INFOPLIST_FILE = "Liverpool LookUpTests/Info.plist";
				IPHONEOS_DEPLOYMENT_TARGET = 13.5;
				LD_RUNPATH_SEARCH_PATHS = (
					"$(inherited)",
					"@executable_path/Frameworks",
					"@loader_path/Frameworks",
				);
				PRODUCT_BUNDLE_IDENTIFIER = "karlol.Liverpool-LookUpTests";
				PRODUCT_NAME = "$(TARGET_NAME)";
				TARGETED_DEVICE_FAMILY = "1,2";
				TEST_HOST = "$(BUILT_PRODUCTS_DIR)/Liverpool LookUp.app/Liverpool LookUp";
			};
			name = Release;
		};
		4C2CE329251968BB00D26724 /* Debug */ = {
			isa = XCBuildConfiguration;
			buildSettings = {
				CODE_SIGN_STYLE = Automatic;
				INFOPLIST_FILE = "Liverpool LookUpUITests/Info.plist";
				LD_RUNPATH_SEARCH_PATHS = (
					"$(inherited)",
					"@executable_path/Frameworks",
					"@loader_path/Frameworks",
				);
				PRODUCT_BUNDLE_IDENTIFIER = "karlol.Liverpool-LookUpUITests";
				PRODUCT_NAME = "$(TARGET_NAME)";
				TARGETED_DEVICE_FAMILY = "1,2";
				TEST_TARGET_NAME = "Liverpool LookUp";
			};
			name = Debug;
		};
		4C2CE32A251968BB00D26724 /* Release */ = {
			isa = XCBuildConfiguration;
			buildSettings = {
				CODE_SIGN_STYLE = Automatic;
				INFOPLIST_FILE = "Liverpool LookUpUITests/Info.plist";
				LD_RUNPATH_SEARCH_PATHS = (
					"$(inherited)",
					"@executable_path/Frameworks",
					"@loader_path/Frameworks",
				);
				PRODUCT_BUNDLE_IDENTIFIER = "karlol.Liverpool-LookUpUITests";
				PRODUCT_NAME = "$(TARGET_NAME)";
				TARGETED_DEVICE_FAMILY = "1,2";
				TEST_TARGET_NAME = "Liverpool LookUp";
			};
			name = Release;
		};
/* End XCBuildConfiguration section */

/* Begin XCConfigurationList section */
		4C2CE2EB251968B900D26724 /* Build configuration list for PBXProject "Liverpool LookUp" */ = {
			isa = XCConfigurationList;
			buildConfigurations = (
				4C2CE320251968BB00D26724 /* Debug */,
				4C2CE321251968BB00D26724 /* Release */,
			);
			defaultConfigurationIsVisible = 0;
			defaultConfigurationName = Release;
		};
		4C2CE322251968BB00D26724 /* Build configuration list for PBXNativeTarget "Liverpool LookUp" */ = {
			isa = XCConfigurationList;
			buildConfigurations = (
				4C2CE323251968BB00D26724 /* Debug */,
				4C2CE324251968BB00D26724 /* Release */,
			);
			defaultConfigurationIsVisible = 0;
			defaultConfigurationName = Release;
		};
		4C2CE325251968BB00D26724 /* Build configuration list for PBXNativeTarget "Liverpool LookUpTests" */ = {
			isa = XCConfigurationList;
			buildConfigurations = (
				4C2CE326251968BB00D26724 /* Debug */,
				4C2CE327251968BB00D26724 /* Release */,
			);
			defaultConfigurationIsVisible = 0;
			defaultConfigurationName = Release;
		};
		4C2CE328251968BB00D26724 /* Build configuration list for PBXNativeTarget "Liverpool LookUpUITests" */ = {
			isa = XCConfigurationList;
			buildConfigurations = (
				4C2CE329251968BB00D26724 /* Debug */,
				4C2CE32A251968BB00D26724 /* Release */,
			);
			defaultConfigurationIsVisible = 0;
			defaultConfigurationName = Release;
		};
/* End XCConfigurationList section */

/* Begin XCVersionGroup section */
		4C2CE2FF251968B900D26724 /* Liverpool_LookUp.xcdatamodeld */ = {
			isa = XCVersionGroup;
			children = (
				4C2CE300251968B900D26724 /* Liverpool_LookUp.xcdatamodel */,
			);
			currentVersion = 4C2CE300251968B900D26724 /* Liverpool_LookUp.xcdatamodel */;
			path = Liverpool_LookUp.xcdatamodeld;
			sourceTree = "<group>";
			versionGroupType = wrapper.xcdatamodel;
		};
/* End XCVersionGroup section */
	};
	rootObject = 4C2CE2E8251968B900D26724 /* Project object */;
}
